{
  "name": "Arknights-alliance-tool",
  "lockfileVersion": 3,
  "requires": true,
  "packages": {
    "": {
      "dependencies": {
        "vue-draggable-plus": "^0.6.1"
      }
    },
    "node_modules/@types/sortablejs": {
      "version": "1.15.9",
      "resolved": "https://registry.npmmirror.com/@types/sortablejs/-/sortablejs-1.15.9.tgz",
      "integrity": "sha512-7HP+rZGE2p886PKV9c9OJzLBI6BBJu1O7lJGYnPyG3fS4/duUCcngkNCjsLwIMV+WMqANe3tt4irrXHSIe68OQ==",
      "license": "MIT"
    },
    "node_modules/vue-draggable-plus": {
      "version": "0.6.1",
      "resolved": "https://registry.npmmirror.com/vue-draggable-plus/-/vue-draggable-plus-0.6.1.tgz",
      "integrity": "sha512-FbtQ/fuoixiOfTZzG3yoPl4JAo9HJXRHmBQZFB9x2NYCh6pq0TomHf7g5MUmpaDYv+LU2n6BPq2YN9sBO+FbIg==",
      "license": "MIT",
      "dependencies": {
        "@types/sortablejs": "^1.15.8"
      },
      "peerDependencies": {
        "@types/sortablejs": "^1.15.0"
      },
      "peerDependenciesMeta": {
        "@vue/composition-api": {
          "optional": true
        }
      }
    }
  }
}
